// !$*UTF8*$!
{
	archiveVersion = 1;
	classes = {
	};
	objectVersion = 56;
	objects = {

/* Begin PBXBuildFile section */
		CE990E6A29AF92E700C08EBE /* DownloadImageViewModel.swift in Sources */ = {isa = PBXBuildFile; fileRef = CE990E6929AF92E700C08EBE /* DownloadImageViewModel.swift */; };
		CEA48EF029AF6D2500F22954 /* AppDelegate.swift in Sources */ = {isa = PBXBuildFile; fileRef = CEA48EEF29AF6D2500F22954 /* AppDelegate.swift */; };
		CEA48EF229AF6D2500F22954 /* SceneDelegate.swift in Sources */ = {isa = PBXBuildFile; fileRef = CEA48EF129AF6D2500F22954 /* SceneDelegate.swift */; };
		CEA48EF429AF6D2500F22954 /* ViewController.swift in Sources */ = {isa = PBXBuildFile; fileRef = CEA48EF329AF6D2500F22954 /* ViewController.swift */; };
		CEA48EF729AF6D2500F22954 /* Main.storyboard in Resources */ = {isa = PBXBuildFile; fileRef = CEA48EF529AF6D2500F22954 /* Main.storyboard */; };
		CEA48EF929AF6D2600F22954 /* Assets.xcassets in Resources */ = {isa = PBXBuildFile; fileRef = CEA48EF829AF6D2600F22954 /* Assets.xcassets */; };
		CEA48EFC29AF6D2600F22954 /* LaunchScreen.storyboard in Resources */ = {isa = PBXBuildFile; fileRef = CEA48EFA29AF6D2600F22954 /* LaunchScreen.storyboard */; };
		CEA48F0429AF6DA700F22954 /* imageDownloadCell.swift in Sources */ = {isa = PBXBuildFile; fileRef = CEA48F0329AF6DA700F22954 /* imageDownloadCell.swift */; };
/* End PBXBuildFile section */

/* Begin PBXFileReference section */
		CE990E6929AF92E700C08EBE /* DownloadImageViewModel.swift */ = {isa = PBXFileReference; lastKnownFileType = sourcecode.swift; path = DownloadImageViewModel.swift; sourceTree = "<group>"; };
		CEA48EEC29AF6D2500F22954 /* ImageDownloader.app */ = {isa = PBXFileReference; explicitFileType = wrapper.application; includeInIndex = 0; path = ImageDownloader.app; sourceTree = BUILT_PRODUCTS_DIR; };
		CEA48EEF29AF6D2500F22954 /* AppDelegate.swift */ = {isa = PBXFileReference; lastKnownFileType = sourcecode.swift; path = AppDelegate.swift; sourceTree = "<group>"; };
		CEA48EF129AF6D2500F22954 /* SceneDelegate.swift */ = {isa = PBXFileReference; lastKnownFileType = sourcecode.swift; path = SceneDelegate.swift; sourceTree = "<group>"; };
		CEA48EF329AF6D2500F22954 /* ViewController.swift */ = {isa = PBXFileReference; lastKnownFileType = sourcecode.swift; path = ViewController.swift; sourceTree = "<group>"; };
		CEA48EF629AF6D2500F22954 /* Base */ = {isa = PBXFileReference; lastKnownFileType = file.storyboard; name = Base; path = Base.lproj/Main.storyboard; sourceTree = "<group>"; };
		CEA48EF829AF6D2600F22954 /* Assets.xcassets */ = {isa = PBXFileReference; lastKnownFileType = folder.assetcatalog; path = Assets.xcassets; sourceTree = "<group>"; };
		CEA48EFB29AF6D2600F22954 /* Base */ = {isa = PBXFileReference; lastKnownFileType = file.storyboard; name = Base; path = Base.lproj/LaunchScreen.storyboard; sourceTree = "<group>"; };
		CEA48EFD29AF6D2600F22954 /* Info.plist */ = {isa = PBXFileReference; lastKnownFileType = text.plist.xml; path = Info.plist; sourceTree = "<group>"; };
		CEA48F0329AF6DA700F22954 /* imageDownloadCell.swift */ = {isa = PBXFileReference; lastKnownFileType = sourcecode.swift; path = imageDownloadCell.swift; sourceTree = "<group>"; };
/* End PBXFileReference section */

/* Begin PBXFrameworksBuildPhase section */
		CEA48EE929AF6D2500F22954 /* Frameworks */ = {
			isa = PBXFrameworksBuildPhase;
			buildActionMask = 2147483647;
			files = (
			);
			runOnlyForDeploymentPostprocessing = 0;
		};
/* End PBXFrameworksBuildPhase section */

/* Begin PBXGroup section */
		CE990E6129AF920800C08EBE /* Storyboard */ = {
			isa = PBXGroup;
			children = (
				CEA48EF529AF6D2500F22954 /* Main.storyboard */,
				CEA48EFA29AF6D2600F22954 /* LaunchScreen.storyboard */,
			);
			path = Storyboard;
			sourceTree = "<group>";
		};
		CE990E6329AF923400C08EBE /* Main */ = {
			isa = PBXGroup;
			children = (
				CEA48EEF29AF6D2500F22954 /* AppDelegate.swift */,
				CEA48EF129AF6D2500F22954 /* SceneDelegate.swift */,
			);
			path = Main;
			sourceTree = "<group>";
		};
		CE990E6429AF924900C08EBE /* Cell */ = {
			isa = PBXGroup;
			children = (
				CEA48F0329AF6DA700F22954 /* imageDownloadCell.swift */,
			);
			path = Cell;
			sourceTree = "<group>";
		};
		CE990E6529AF92B500C08EBE /* ViewModel */ = {
			isa = PBXGroup;
			children = (
				CE990E6929AF92E700C08EBE /* DownloadImageViewModel.swift */,
			);
			path = ViewModel;
			sourceTree = "<group>";
		};
		CE990E6629AF92BB00C08EBE /* View */ = {
			isa = PBXGroup;
			children = (
				CE990E6429AF924900C08EBE /* Cell */,
				CEA48EF329AF6D2500F22954 /* ViewController.swift */,
			);
			path = View;
			sourceTree = "<group>";
		};
		CEA48EE329AF6D2500F22954 = {
			isa = PBXGroup;
			children = (
				CEA48EEE29AF6D2500F22954 /* ImageDownloader */,
				CEA48EED29AF6D2500F22954 /* Products */,
			);
			sourceTree = "<group>";
		};
		CEA48EED29AF6D2500F22954 /* Products */ = {
			isa = PBXGroup;
			children = (
				CEA48EEC29AF6D2500F22954 /* ImageDownloader.app */,
			);
			name = Products;
			sourceTree = "<group>";
		};
		CEA48EEE29AF6D2500F22954 /* ImageDownloader */ = {
			isa = PBXGroup;
			children = (
				CE990E6629AF92BB00C08EBE /* View */,
				CE990E6529AF92B500C08EBE /* ViewModel */,
				CE990E6329AF923400C08EBE /* Main */,
				CE990E6129AF920800C08EBE /* Storyboard */,
				CEA48EF829AF6D2600F22954 /* Assets.xcassets */,
				CEA48EFD29AF6D2600F22954 /* Info.plist */,
			);
			path = ImageDownloader;
			sourceTree = "<group>";
		};
/* End PBXGroup section */

/* Begin PBXNativeTarget section */
		CEA48EEB29AF6D2500F22954 /* ImageDownloader */ = {
			isa = PBXNativeTarget;
			buildConfigurationList = CEA48F0029AF6D2600F22954 /* Build configuration list for PBXNativeTarget "ImageDownloader" */;
			buildPhases = (
				CEA48EE829AF6D2500F22954 /* Sources */,
				CEA48EE929AF6D2500F22954 /* Frameworks */,
				CEA48EEA29AF6D2500F22954 /* Resources */,
			);
			buildRules = (
			);
			dependencies = (
			);
			name = ImageDownloader;
			productName = ImageDownloader;
			productReference = CEA48EEC29AF6D2500F22954 /* ImageDownloader.app */;
			productType = "com.apple.product-type.application";
		};
/* End PBXNativeTarget section */

/* Begin PBXProject section */
		CEA48EE429AF6D2500F22954 /* Project object */ = {
			isa = PBXProject;
			attributes = {
				BuildIndependentTargetsInParallel = 1;
				LastSwiftUpdateCheck = 1420;
				LastUpgradeCheck = 1420;
				TargetAttributes = {
					CEA48EEB29AF6D2500F22954 = {
						CreatedOnToolsVersion = 14.2;
					};
				};
			};
			buildConfigurationList = CEA48EE729AF6D2500F22954 /* Build configuration list for PBXProject "ImageDownloader" */;
			compatibilityVersion = "Xcode 14.0";
			developmentRegion = en;
			hasScannedForEncodings = 0;
			knownRegions = (
				en,
				Base,
			);
			mainGroup = CEA48EE329AF6D2500F22954;
			productRefGroup = CEA48EED29AF6D2500F22954 /* Products */;
			projectDirPath = "";
			projectRoot = "";
			targets = (
				CEA48EEB29AF6D2500F22954 /* ImageDownloader */,
			);
		};
/* End PBXProject section */

/* Begin PBXResourcesBuildPhase section */
		CEA48EEA29AF6D2500F22954 /* Resources */ = {
			isa = PBXResourcesBuildPhase;
			buildActionMask = 2147483647;
			files = (
				CEA48EFC29AF6D2600F22954 /* LaunchScreen.storyboard in Resources */,
				CEA48EF929AF6D2600F22954 /* Assets.xcassets in Resources */,
				CEA48EF729AF6D2500F22954 /* Main.storyboard in Resources */,
			);
			runOnlyForDeploymentPostprocessing = 0;
		};
/* End PBXResourcesBuildPhase section */

/* Begin PBXSourcesBuildPhase section */
		CEA48EE829AF6D2500F22954 /* Sources */ = {
			isa = PBXSourcesBuildPhase;
			buildActionMask = 2147483647;
			files = (
				CE990E6A29AF92E700C08EBE /* DownloadImageViewModel.swift in Sources */,
				CEA48EF429AF6D2500F22954 /* ViewController.swift in Sources */,
				CEA48F0429AF6DA700F22954 /* imageDownloadCell.swift in Sources */,
				CEA48EF029AF6D2500F22954 /* AppDelegate.swift in Sources */,
				CEA48EF229AF6D2500F22954 /* SceneDelegate.swift in Sources */,
			);
			runOnlyForDeploymentPostprocessing = 0;
		};
/* End PBXSourcesBuildPhase section */

/* Begin PBXVariantGroup section */
		CEA48EF529AF6D2500F22954 /* Main.storyboard */ = {
			isa = PBXVariantGroup;
			children = (
				CEA48EF629AF6D2500F22954 /* Base */,
			);
			name = Main.storyboard;
			sourceTree = "<group>";
		};
		CEA48EFA29AF6D2600F22954 /* LaunchScreen.storyboard */ = {
			isa = PBXVariantGroup;
			children = (
				CEA48EFB29AF6D2600F22954 /* Base */,
			);
			name = LaunchScreen.storyboard;
			sourceTree = "<group>";
		};
/* End PBXVariantGroup section */

/* Begin XCBuildConfiguration section */
		CEA48EFE29AF6D2600F22954 /* Debug */ = {
			isa = XCBuildConfiguration;
			buildSettings = {
				ALWAYS_SEARCH_USER_PATHS = NO;
				CLANG_ANALYZER_NONNULL = YES;
				CLANG_ANALYZER_NUMBER_OBJECT_CONVERSION = YES_AGGRESSIVE;
				CLANG_CXX_LANGUAGE_STANDARD = "gnu++20";
				CLANG_ENABLE_MODULES = YES;
				CLANG_ENABLE_OBJC_ARC = YES;
				CLANG_ENABLE_OBJC_WEAK = YES;
				CLANG_WARN_BLOCK_CAPTURE_AUTORELEASING = YES;
				CLANG_WARN_BOOL_CONVERSION = YES;
				CLANG_WARN_COMMA = YES;
				CLANG_WARN_CONSTANT_CONVERSION = YES;
				CLANG_WARN_DEPRECATED_OBJC_IMPLEMENTATIONS = YES;
				CLANG_WARN_DIRECT_OBJC_ISA_USAGE = YES_ERROR;
				CLANG_WARN_DOCUMENTATION_COMMENTS = YES;
				CLANG_WARN_EMPTY_BODY = YES;
				CLANG_WARN_ENUM_CONVERSION = YES;
				CLANG_WARN_INFINITE_RECURSION = YES;
				CLANG_WARN_INT_CONVERSION = YES;
				CLANG_WARN_NON_LITERAL_NULL_CONVERSION = YES;
				CLANG_WARN_OBJC_IMPLICIT_RETAIN_SELF = YES;
				CLANG_WARN_OBJC_LITERAL_CONVERSION = YES;
				CLANG_WARN_OBJC_ROOT_CLASS = YES_ERROR;
				CLANG_WARN_QUOTED_INCLUDE_IN_FRAMEWORK_HEADER = YES;
				CLANG_WARN_RANGE_LOOP_ANALYSIS = YES;
				CLANG_WARN_STRICT_PROTOTYPES = YES;
				CLANG_WARN_SUSPICIOUS_MOVE = YES;
				CLANG_WARN_UNGUARDED_AVAILABILITY = YES_AGGRESSIVE;
				CLANG_WARN_UNREACHABLE_CODE = YES;
				CLANG_WARN__DUPLICATE_METHOD_MATCH = YES;
				COPY_PHASE_STRIP = NO;
				DEBUG_INFORMATION_FORMAT = dwarf;
				ENABLE_STRICT_OBJC_MSGSEND = YES;
				ENABLE_TESTABILITY = YES;
				GCC_C_LANGUAGE_STANDARD = gnu11;
				GCC_DYNAMIC_NO_PIC = NO;
				GCC_NO_COMMON_BLOCKS = YES;
				GCC_OPTIMIZATION_LEVEL = 0;
				GCC_PREPROCESSOR_DEFINITIONS = (
					"DEBUG=1",
					"$(inherited)",
				);
				GCC_WARN_64_TO_32_BIT_CONVERSION = YES;
				GCC_WARN_ABOUT_RETURN_TYPE = YES_ERROR;
				GCC_WARN_UNDECLARED_SELECTOR = YES;
				GCC_WARN_UNINITIALIZED_AUTOS = YES_AGGRESSIVE;
				GCC_WARN_UNUSED_FUNCTION = YES;
				GCC_WARN_UNUSED_VARIABLE = YES;
				IPHONEOS_DEPLOYMENT_TARGET = 16.2;
				MTL_ENABLE_DEBUG_INFO = INCLUDE_SOURCE;
				MTL_FAST_MATH = YES;
				ONLY_ACTIVE_ARCH = YES;
				SDKROOT = iphoneos;
				SWIFT_ACTIVE_COMPILATION_CONDITIONS = DEBUG;
				SWIFT_OPTIMIZATION_LEVEL = "-Onone";
			};
			name = Debug;
		};
		CEA48EFF29AF6D2600F22954 /* Release */ = {
			isa = XCBuildConfiguration;
			buildSettings = {
				ALWAYS_SEARCH_USER_PATHS = NO;
				CLANG_ANALYZER_NONNULL = YES;
				CLANG_ANALYZER_NUMBER_OBJECT_CONVERSION = YES_AGGRESSIVE;
				CLANG_CXX_LANGUAGE_STANDARD = "gnu++20";
				CLANG_ENABLE_MODULES = YES;
				CLANG_ENABLE_OBJC_ARC = YES;
				CLANG_ENABLE_OBJC_WEAK = YES;
				CLANG_WARN_BLOCK_CAPTURE_AUTORELEASING = YES;
				CLANG_WARN_BOOL_CONVERSION = YES;
				CLANG_WARN_COMMA = YES;
				CLANG_WARN_CONSTANT_CONVERSION = YES;
				CLANG_WARN_DEPRECATED_OBJC_IMPLEMENTATIONS = YES;
				CLANG_WARN_DIRECT_OBJC_ISA_USAGE = YES_ERROR;
				CLANG_WARN_DOCUMENTATION_COMMENTS = YES;
				CLANG_WARN_EMPTY_BODY = YES;
				CLANG_WARN_ENUM_CONVERSION = YES;
				CLANG_WARN_INFINITE_RECURSION = YES;
				CLANG_WARN_INT_CONVERSION = YES;
				CLANG_WARN_NON_LITERAL_NULL_CONVERSION = YES;
				CLANG_WARN_OBJC_IMPLICIT_RETAIN_SELF = YES;
				CLANG_WARN_OBJC_LITERAL_CONVERSION = YES;
				CLANG_WARN_OBJC_ROOT_CLASS = YES_ERROR;
				CLANG_WARN_QUOTED_INCLUDE_IN_FRAMEWORK_HEADER = YES;
				CLANG_WARN_RANGE_LOOP_ANALYSIS = YES;
				CLANG_WARN_STRICT_PROTOTYPES = YES;
				CLANG_WARN_SUSPICIOUS_MOVE = YES;
				CLANG_WARN_UNGUARDED_AVAILABILITY = YES_AGGRESSIVE;
				CLANG_WARN_UNREACHABLE_CODE = YES;
				CLANG_WARN__DUPLICATE_METHOD_MATCH = YES;
				COPY_PHASE_STRIP = NO;
				DEBUG_INFORMATION_FORMAT = "dwarf-with-dsym";
				ENABLE_NS_ASSERTIONS = NO;
				ENABLE_STRICT_OBJC_MSGSEND = YES;
				GCC_C_LANGUAGE_STANDARD = gnu11;
				GCC_NO_COMMON_BLOCKS = YES;
				GCC_WARN_64_TO_32_BIT_CONVERSION = YES;
				GCC_WARN_ABOUT_RETURN_TYPE = YES_ERROR;
				GCC_WARN_UNDECLARED_SELECTOR = YES;
				GCC_WARN_UNINITIALIZED_AUTOS = YES_AGGRESSIVE;
				GCC_WARN_UNUSED_FUNCTION = YES;
				GCC_WARN_UNUSED_VARIABLE = YES;
				IPHONEOS_DEPLOYMENT_TARGET = 16.2;
				MTL_ENABLE_DEBUG_INFO = NO;
				MTL_FAST_MATH = YES;
				SDKROOT = iphoneos;
				SWIFT_COMPILATION_MODE = wholemodule;
				SWIFT_OPTIMIZATION_LEVEL = "-O";
				VALIDATE_PRODUCT = YES;
			};
			name = Release;
		};
		CEA48F0129AF6D2600F22954 /* Debug */ = {
			isa = XCBuildConfiguration;
			buildSettings = {
				ASSETCATALOG_COMPILER_APPICON_NAME = AppIcon;
				ASSETCATALOG_COMPILER_GLOBAL_ACCENT_COLOR_NAME = AccentColor;
				CODE_SIGN_STYLE = Automatic;
				CURRENT_PROJECT_VERSION = 1;
				DEVELOPMENT_TEAM = 744MUUC77P;
				GENERATE_INFOPLIST_FILE = YES;
				INFOPLIST_FILE = ImageDownloader/Info.plist;
				INFOPLIST_KEY_UIApplicationSupportsIndirectInputEvents = YES;
				INFOPLIST_KEY_UILaunchStoryboardName = LaunchScreen;
				INFOPLIST_KEY_UIMainStoryboardFile = Main;
				INFOPLIST_KEY_UISupportedInterfaceOrientations_iPad = "UIInterfaceOrientationPortrait UIInterfaceOrientationPortraitUpsideDown UIInterfaceOrientationLandscapeLeft UIInterfaceOrientationLandscapeRight";
				INFOPLIST_KEY_UISupportedInterfaceOrientations_iPhone = "UIInterfaceOrientationPortrait UIInterfaceOrientationLandscapeLeft UIInterfaceOrientationLandscapeRight";
				LD_RUNPATH_SEARCH_PATHS = (
					"$(inherited)",
					"@executable_path/Frameworks",
				);
				MARKETING_VERSION = 1.0;
				PRODUCT_BUNDLE_IDENTIFIER = com.anjian.ImageDownloader;
				PRODUCT_NAME = "$(TARGET_NAME)";
				SWIFT_EMIT_LOC_STRINGS = YES;
				SWIFT_VERSION = 5.0;
				TARGETED_DEVICE_FAMILY = "1,2";
			};
			name = Debug;
		};
		CEA48F0229AF6D2600F22954 /* Release */ = {
			isa = XCBuildConfiguration;
			buildSettings = {
				ASSETCATALOG_COMPILER_APPICON_NAME = AppIcon;
				ASSETCATALOG_COMPILER_GLOBAL_ACCENT_COLOR_NAME = AccentColor;
				CODE_SIGN_STYLE = Automatic;
				CURRENT_PROJECT_VERSION = 1;
				DEVELOPMENT_TEAM = 744MUUC77P;
				GENERATE_INFOPLIST_FILE = YES;
				INFOPLIST_FILE = ImageDownloader/Info.plist;
				INFOPLIST_KEY_UIApplicationSupportsIndirectInputEvents = YES;
				INFOPLIST_KEY_UILaunchStoryboardName = LaunchScreen;
				INFOPLIST_KEY_UIMainStoryboardFile = Main;
				INFOPLIST_KEY_UISupportedInterfaceOrientations_iPad = "UIInterfaceOrientationPortrait UIInterfaceOrientationPortraitUpsideDown UIInterfaceOrientationLandscapeLeft UIInterfaceOrientationLandscapeRight";
				INFOPLIST_KEY_UISupportedInterfaceOrientations_iPhone = "UIInterfaceOrientationPortrait UIInterfaceOrientationLandscapeLeft UIInterfaceOrientationLandscapeRight";
				LD_RUNPATH_SEARCH_PATHS = (
					"$(inherited)",
					"@executable_path/Frameworks",
				);
				MARKETING_VERSION = 1.0;
				PRODUCT_BUNDLE_IDENTIFIER = com.anjian.ImageDownloader;
				PRODUCT_NAME = "$(TARGET_NAME)";
				SWIFT_EMIT_LOC_STRINGS = YES;
				SWIFT_VERSION = 5.0;
				TARGETED_DEVICE_FAMILY = "1,2";
			};
			name = Release;
		};
/* End XCBuildConfiguration section */

/* Begin XCConfigurationList section */
		CEA48EE729AF6D2500F22954 /* Build configuration list for PBXProject "ImageDownloader" */ = {
			isa = XCConfigurationList;
			buildConfigurations = (
				CEA48EFE29AF6D2600F22954 /* Debug */,
				CEA48EFF29AF6D2600F22954 /* Release */,
			);
			defaultConfigurationIsVisible = 0;
			defaultConfigurationName = Release;
		};
		CEA48F0029AF6D2600F22954 /* Build configuration list for PBXNativeTarget "ImageDownloader" */ = {
			isa = XCConfigurationList;
			buildConfigurations = (
				CEA48F0129AF6D2600F22954 /* Debug */,
				CEA48F0229AF6D2600F22954 /* Release */,
			);
			defaultConfigurationIsVisible = 0;
			defaultConfigurationName = Release;
		};
/* End XCConfigurationList section */
	};
	rootObject = CEA48EE429AF6D2500F22954 /* Project object */;
}
